
Microsoft Visual Studio Solution File, Format Version 12.00
# Visual Studio Version 16
VisualStudioVersion = 16.0.28922.388
MinimumVisualStudioVersion = 10.0.40219.1
Project("{FAE04EC0-301F-11D3-BF4B-00C04F79EFBC}") = "Kukta", "Kukta\Kukta.csproj", "{CF5515A0-4151-4233-8000-179445948F8E}"
EndProject
Project("{FAE04EC0-301F-11D3-BF4B-00C04F79EFBC}") = "IngredientUpdater", "IngredientUpdater\IngredientUpdater.csproj", "{281A4294-9632-47A5-BFB4-405BC8EA63E7}"
EndProject
Global
	GlobalSection(SolutionConfigurationPlatforms) = preSolution
		Debug|Any CPU = Debug|Any CPU
		Debug|ARM = Debug|ARM
		Debug|ARM64 = Debug|ARM64
		Debug|x64 = Debug|x64
		Debug|x86 = Debug|x86
		Release|Any CPU = Release|Any CPU
		Release|ARM = Release|ARM
		Release|ARM64 = Release|ARM64
		Release|x64 = Release|x64
		Release|x86 = Release|x86
	EndGlobalSection
	GlobalSection(ProjectConfigurationPlatforms) = postSolution
		{CF5515A0-4151-4233-8000-179445948F8E}.Debug|Any CPU.ActiveCfg = Debug|x86
		{CF5515A0-4151-4233-8000-179445948F8E}.Debug|ARM.ActiveCfg = Debug|ARM
		{CF5515A0-4151-4233-8000-179445948F8E}.Debug|ARM.Build.0 = Debug|ARM
		{CF5515A0-4151-4233-8000-179445948F8E}.Debug|ARM.Deploy.0 = Debug|ARM
		{CF5515A0-4151-4233-8000-179445948F8E}.Debug|ARM64.ActiveCfg = Debug|ARM64
		{CF5515A0-4151-4233-8000-179445948F8E}.Debug|ARM64.Build.0 = Debug|ARM64
		{CF5515A0-4151-4233-8000-179445948F8E}.Debug|ARM64.Deploy.0 = Debug|ARM64
		{CF5515A0-4151-4233-8000-179445948F8E}.Debug|x64.ActiveCfg = Debug|x64
		{CF5515A0-4151-4233-8000-179445948F8E}.Debug|x64.Build.0 = Debug|x64
		{CF5515A0-4151-4233-8000-179445948F8E}.Debug|x64.Deploy.0 = Debug|x64
		{CF5515A0-4151-4233-8000-179445948F8E}.Debug|x86.ActiveCfg = Debug|x86
		{CF5515A0-4151-4233-8000-179445948F8E}.Debug|x86.Build.0 = Debug|x86
		{CF5515A0-4151-4233-8000-179445948F8E}.Debug|x86.Deploy.0 = Debug|x86
		{CF5515A0-4151-4233-8000-179445948F8E}.Release|Any CPU.ActiveCfg = Release|x86
		{CF5515A0-4151-4233-8000-179445948F8E}.Release|ARM.ActiveCfg = Release|ARM
		{CF5515A0-4151-4233-8000-179445948F8E}.Release|ARM.Build.0 = Release|ARM
		{CF5515A0-4151-4233-8000-179445948F8E}.Release|ARM.Deploy.0 = Release|ARM
		{CF5515A0-4151-4233-8000-179445948F8E}.Release|ARM64.ActiveCfg = Release|ARM64
		{CF5515A0-4151-4233-8000-179445948F8E}.Release|ARM64.Build.0 = Release|ARM64
		{CF5515A0-4151-4233-8000-179445948F8E}.Release|ARM64.Deploy.0 = Release|ARM64
		{CF5515A0-4151-4233-8000-179445948F8E}.Release|x64.ActiveCfg = Release|x64
		{CF5515A0-4151-4233-8000-179445948F8E}.Release|x64.Build.0 = Release|x64
		{CF5515A0-4151-4233-8000-179445948F8E}.Release|x64.Deploy.0 = Release|x64
		{CF5515A0-4151-4233-8000-179445948F8E}.Release|x86.ActiveCfg = Release|x86
		{CF5515A0-4151-4233-8000-179445948F8E}.Release|x86.Build.0 = Release|x86
		{CF5515A0-4151-4233-8000-179445948F8E}.Release|x86.Deploy.0 = Release|x86
		{281A4294-9632-47A5-BFB4-405BC8EA63E7}.Debug|Any CPU.ActiveCfg = Debug|Any CPU
		{281A4294-9632-47A5-BFB4-405BC8EA63E7}.Debug|Any CPU.Build.0 = Debug|Any CPU
		{281A4294-9632-47A5-BFB4-405BC8EA63E7}.Debug|ARM.ActiveCfg = Debug|Any CPU
		{281A4294-9632-47A5-BFB4-405BC8EA63E7}.Debug|ARM.Build.0 = Debug|Any CPU
		{281A4294-9632-47A5-BFB4-405BC8EA63E7}.Debug|ARM64.ActiveCfg = Debug|Any CPU
		{281A4294-9632-47A5-BFB4-405BC8EA63E7}.Debug|ARM64.Build.0 = Debug|Any CPU
		{281A4294-9632-47A5-BFB4-405BC8EA63E7}.Debug|x64.ActiveCfg = Debug|Any CPU
		{281A4294-9632-47A5-BFB4-405BC8EA63E7}.Debug|x64.Build.0 = Debug|Any CPU
		{281A4294-9632-47A5-BFB4-405BC8EA63E7}.Debug|x86.ActiveCfg = Debug|Any CPU
		{281A4294-9632-47A5-BFB4-405BC8EA63E7}.Debug|x86.Build.0 = Debug|Any CPU
		{281A4294-9632-47A5-BFB4-405BC8EA63E7}.Release|Any CPU.ActiveCfg = Release|Any CPU
		{281A4294-9632-47A5-BFB4-405BC8EA63E7}.Release|Any CPU.Build.0 = Release|Any CPU
		{281A4294-9632-47A5-BFB4-405BC8EA63E7}.Release|ARM.ActiveCfg = Release|Any CPU
		{281A4294-9632-47A5-BFB4-405BC8EA63E7}.Release|ARM.Build.0 = Release|Any CPU
		{281A4294-9632-47A5-BFB4-405BC8EA63E7}.Release|ARM64.ActiveCfg = Release|Any CPU
		{281A4294-9632-47A5-BFB4-405BC8EA63E7}.Release|ARM64.Build.0 = Release|Any CPU
		{281A4294-9632-47A5-BFB4-405BC8EA63E7}.Release|x64.ActiveCfg = Release|Any CPU
		{281A4294-9632-47A5-BFB4-405BC8EA63E7}.Release|x64.Build.0 = Release|Any CPU
		{281A4294-9632-47A5-BFB4-405BC8EA63E7}.Release|x86.ActiveCfg = Release|Any CPU
		{281A4294-9632-47A5-BFB4-405BC8EA63E7}.Release|x86.Build.0 = Release|Any CPU
	EndGlobalSection
	GlobalSection(SolutionProperties) = preSolution
		HideSolutionNode = FALSE
	EndGlobalSection
	GlobalSection(ExtensibilityGlobals) = postSolution
		SolutionGuid = {EBA4DCCB-5901-46C7-B77E-0F6AAA14E827}
	EndGlobalSection
EndGlobal
